
Microsoft Visual Studio Solution File, Format Version 12.00
# Visual Studio Version 17
VisualStudioVersion = 17.5.33424.131
MinimumVisualStudioVersion = 10.0.40219.1
Project("{2150E333-8FDC-42A3-9474-1A3956D46DE8}") = "SolidPrinciples", "SolidPrinciples", "{430217AE-A0FD-46AE-9DE7-3CF0E2905AB9}"
EndProject
Project("{2150E333-8FDC-42A3-9474-1A3956D46DE8}") = "1- SRP", "1- SRP", "{571F246C-6477-4E75-95CF-A0E574D8B028}"
EndProject
Project("{2150E333-8FDC-42A3-9474-1A3956D46DE8}") = "2- OCP", "2- OCP", "{ECC7D539-FAE8-41DC-9F98-9CD412722B63}"
EndProject
Project("{9A19103F-16F7-4668-BE54-9A1E7A4F7556}") = "Exercise1", "SolidPrinciples\1- SRP\Exercise1\Exercise1.csproj", "{EA711500-0FD8-4562-A53F-5E1C92FE4EC5}"
EndProject
Project("{9A19103F-16F7-4668-BE54-9A1E7A4F7556}") = "Exercise1", "SolidPrinciples\2- OCP\Exercise1\Exercise1.csproj", "{824F3E73-1232-4FC1-A59D-9EFE140580D3}"
EndProject
Project("{2150E333-8FDC-42A3-9474-1A3956D46DE8}") = "Homeworks", "Homeworks", "{319B0A5D-4DED-4E1F-B6C6-2E6730AB82CA}"
EndProject
Project("{FAE04EC0-301F-11D3-BF4B-00C04F79EFBC}") = "ForLoop-Arrays-Conditions", "Homeworks\ForLoop-Arrays-Conditions\ForLoop-Arrays-Conditions.csproj", "{E0C7DA97-B2AD-41C0-9F62-760FA58BBAEF}"
EndProject
Project("{FAE04EC0-301F-11D3-BF4B-00C04F79EFBC}") = "WhileLoop-Arrays-Conditions", "Homeworks\WhileLoop-Arrays-Conditions\WhileLoop-Arrays-Conditions.csproj", "{DB39B505-DBC1-47FA-8448-F378D07A397F}"
EndProject
Project("{FAE04EC0-301F-11D3-BF4B-00C04F79EFBC}") = "PasswordCheck", "Homeworks\PasswordCheck\PasswordCheck\PasswordCheck.csproj", "{19BF86D0-012B-487C-9066-C2E03F2A61E0}"
EndProject
Project("{FAE04EC0-301F-11D3-BF4B-00C04F79EFBC}") = "OOPExercises", "OOPExercises\OOPExercises.csproj", "{0690C6F6-8A18-4614-B3E3-7D2B58E31C6E}"
EndProject
Project("{FAE04EC0-301F-11D3-BF4B-00C04F79EFBC}") = "GenericTypes", "GenericTypes\GenericTypes.csproj", "{1AE5FC8D-014E-41B6-8E6C-FF90D6BC4944}"
EndProject
Project("{FAE04EC0-301F-11D3-BF4B-00C04F79EFBC}") = "NullConcepts", "NullConcepts\NullConcepts.csproj", "{2A200998-1E98-44ED-A4A9-5D4F6A099968}"
EndProject
Global
	GlobalSection(SolutionConfigurationPlatforms) = preSolution
		Debug|Any CPU = Debug|Any CPU
		Release|Any CPU = Release|Any CPU
	EndGlobalSection
	GlobalSection(ProjectConfigurationPlatforms) = postSolution
		{EA711500-0FD8-4562-A53F-5E1C92FE4EC5}.Debug|Any CPU.ActiveCfg = Debug|Any CPU
		{EA711500-0FD8-4562-A53F-5E1C92FE4EC5}.Debug|Any CPU.Build.0 = Debug|Any CPU
		{EA711500-0FD8-4562-A53F-5E1C92FE4EC5}.Release|Any CPU.ActiveCfg = Release|Any CPU
		{EA711500-0FD8-4562-A53F-5E1C92FE4EC5}.Release|Any CPU.Build.0 = Release|Any CPU
		{824F3E73-1232-4FC1-A59D-9EFE140580D3}.Debug|Any CPU.ActiveCfg = Debug|Any CPU
		{824F3E73-1232-4FC1-A59D-9EFE140580D3}.Debug|Any CPU.Build.0 = Debug|Any CPU
		{824F3E73-1232-4FC1-A59D-9EFE140580D3}.Release|Any CPU.ActiveCfg = Release|Any CPU
		{824F3E73-1232-4FC1-A59D-9EFE140580D3}.Release|Any CPU.Build.0 = Release|Any CPU
		{E0C7DA97-B2AD-41C0-9F62-760FA58BBAEF}.Debug|Any CPU.ActiveCfg = Debug|Any CPU
		{E0C7DA97-B2AD-41C0-9F62-760FA58BBAEF}.Debug|Any CPU.Build.0 = Debug|Any CPU
		{E0C7DA97-B2AD-41C0-9F62-760FA58BBAEF}.Release|Any CPU.ActiveCfg = Release|Any CPU
		{E0C7DA97-B2AD-41C0-9F62-760FA58BBAEF}.Release|Any CPU.Build.0 = Release|Any CPU
		{DB39B505-DBC1-47FA-8448-F378D07A397F}.Debug|Any CPU.ActiveCfg = Debug|Any CPU
		{DB39B505-DBC1-47FA-8448-F378D07A397F}.Debug|Any CPU.Build.0 = Debug|Any CPU
		{DB39B505-DBC1-47FA-8448-F378D07A397F}.Release|Any CPU.ActiveCfg = Release|Any CPU
		{DB39B505-DBC1-47FA-8448-F378D07A397F}.Release|Any CPU.Build.0 = Release|Any CPU
		{19BF86D0-012B-487C-9066-C2E03F2A61E0}.Debug|Any CPU.ActiveCfg = Debug|Any CPU
		{19BF86D0-012B-487C-9066-C2E03F2A61E0}.Debug|Any CPU.Build.0 = Debug|Any CPU
		{19BF86D0-012B-487C-9066-C2E03F2A61E0}.Release|Any CPU.ActiveCfg = Release|Any CPU
		{19BF86D0-012B-487C-9066-C2E03F2A61E0}.Release|Any CPU.Build.0 = Release|Any CPU
		{0690C6F6-8A18-4614-B3E3-7D2B58E31C6E}.Debug|Any CPU.ActiveCfg = Debug|Any CPU
		{0690C6F6-8A18-4614-B3E3-7D2B58E31C6E}.Debug|Any CPU.Build.0 = Debug|Any CPU
		{0690C6F6-8A18-4614-B3E3-7D2B58E31C6E}.Release|Any CPU.ActiveCfg = Release|Any CPU
		{0690C6F6-8A18-4614-B3E3-7D2B58E31C6E}.Release|Any CPU.Build.0 = Release|Any CPU
		{1AE5FC8D-014E-41B6-8E6C-FF90D6BC4944}.Debug|Any CPU.ActiveCfg = Debug|Any CPU
		{1AE5FC8D-014E-41B6-8E6C-FF90D6BC4944}.Debug|Any CPU.Build.0 = Debug|Any CPU
		{1AE5FC8D-014E-41B6-8E6C-FF90D6BC4944}.Release|Any CPU.ActiveCfg = Release|Any CPU
		{1AE5FC8D-014E-41B6-8E6C-FF90D6BC4944}.Release|Any CPU.Build.0 = Release|Any CPU
		{2A200998-1E98-44ED-A4A9-5D4F6A099968}.Debug|Any CPU.ActiveCfg = Debug|Any CPU
		{2A200998-1E98-44ED-A4A9-5D4F6A099968}.Debug|Any CPU.Build.0 = Debug|Any CPU
		{2A200998-1E98-44ED-A4A9-5D4F6A099968}.Release|Any CPU.ActiveCfg = Release|Any CPU
		{2A200998-1E98-44ED-A4A9-5D4F6A099968}.Release|Any CPU.Build.0 = Release|Any CPU
	EndGlobalSection
	GlobalSection(SolutionProperties) = preSolution
		HideSolutionNode = FALSE
	EndGlobalSection
	GlobalSection(NestedProjects) = preSolution
		{571F246C-6477-4E75-95CF-A0E574D8B028} = {430217AE-A0FD-46AE-9DE7-3CF0E2905AB9}
		{ECC7D539-FAE8-41DC-9F98-9CD412722B63} = {430217AE-A0FD-46AE-9DE7-3CF0E2905AB9}
		{EA711500-0FD8-4562-A53F-5E1C92FE4EC5} = {571F246C-6477-4E75-95CF-A0E574D8B028}
		{824F3E73-1232-4FC1-A59D-9EFE140580D3} = {ECC7D539-FAE8-41DC-9F98-9CD412722B63}
		{E0C7DA97-B2AD-41C0-9F62-760FA58BBAEF} = {319B0A5D-4DED-4E1F-B6C6-2E6730AB82CA}
		{DB39B505-DBC1-47FA-8448-F378D07A397F} = {319B0A5D-4DED-4E1F-B6C6-2E6730AB82CA}
		{19BF86D0-012B-487C-9066-C2E03F2A61E0} = {319B0A5D-4DED-4E1F-B6C6-2E6730AB82CA}
	EndGlobalSection
	GlobalSection(ExtensibilityGlobals) = postSolution
		SolutionGuid = {2036F327-EF42-4106-897A-B200A6760762}
	EndGlobalSection
EndGlobal
