
Microsoft Visual Studio Solution File, Format Version 12.00
# Visual Studio Version 17
VisualStudioVersion = 17.5.33424.131
MinimumVisualStudioVersion = 10.0.40219.1
Project("{2150E333-8FDC-42A3-9474-1A3956D46DE8}") = "SolidPrinciples", "SolidPrinciples", "{430217AE-A0FD-46AE-9DE7-3CF0E2905AB9}"
EndProject
Project("{2150E333-8FDC-42A3-9474-1A3956D46DE8}") = "1- SRP", "1- SRP", "{571F246C-6477-4E75-95CF-A0E574D8B028}"
EndProject
Project("{2150E333-8FDC-42A3-9474-1A3956D46DE8}") = "2- OCP", "2- OCP", "{ECC7D539-FAE8-41DC-9F98-9CD412722B63}"
EndProject
Project("{9A19103F-16F7-4668-BE54-9A1E7A4F7556}") = "Exercise1", "SolidPrinciples\1- SRP\Exercise1\Exercise1.csproj", "{EA711500-0FD8-4562-A53F-5E1C92FE4EC5}"
EndProject
Project("{9A19103F-16F7-4668-BE54-9A1E7A4F7556}") = "Exercise1", "SolidPrinciples\2- OCP\Exercise1\Exercise1.csproj", "{824F3E73-1232-4FC1-A59D-9EFE140580D3}"
EndProject
Project("{2150E333-8FDC-42A3-9474-1A3956D46DE8}") = "Homeworks", "Homeworks", "{319B0A5D-4DED-4E1F-B6C6-2E6730AB82CA}"
EndProject
Project("{9A19103F-16F7-4668-BE54-9A1E7A4F7556}") = "ForLoop-Arrays-Conditions", "Homeworks\ForLoop-Arrays-Conditions\ForLoop-Arrays-Conditions.csproj", "{E0C7DA97-B2AD-41C0-9F62-760FA58BBAEF}"
EndProject
Project("{9A19103F-16F7-4668-BE54-9A1E7A4F7556}") = "WhileLoop-Arrays-Conditions", "Homeworks\WhileLoop-Arrays-Conditions\WhileLoop-Arrays-Conditions.csproj", "{DB39B505-DBC1-47FA-8448-F378D07A397F}"
EndProject
Project("{9A19103F-16F7-4668-BE54-9A1E7A4F7556}") = "PasswordCheck", "Homeworks\PasswordCheck\PasswordCheck\PasswordCheck.csproj", "{19BF86D0-012B-487C-9066-C2E03F2A61E0}"
EndProject
Project("{9A19103F-16F7-4668-BE54-9A1E7A4F7556}") = "GenericInterfaces", "Homeworks\GenericInterfaces\GenericInterfaces.csproj", "{913DFD61-0109-4CAC-B33F-4DE84811645B}"
EndProject
Project("{2150E333-8FDC-42A3-9474-1A3956D46DE8}") = "3- Liskov", "3- Liskov", "{4B1413B2-2040-4435-AA11-ADD786DA6237}"
EndProject
Project("{9A19103F-16F7-4668-BE54-9A1E7A4F7556}") = "Exercise", "SolidPrinciples\3- Liskov\Exercise\Exercise.csproj", "{11FAB825-0B8E-4FCF-82A8-619434C24E60}"
EndProject
Project("{2150E333-8FDC-42A3-9474-1A3956D46DE8}") = "4- ISP", "4- ISP", "{A7A361BE-D634-4B64-8927-4A16A10A2DEA}"
EndProject
Project("{2150E333-8FDC-42A3-9474-1A3956D46DE8}") = "5- DIP", "5- DIP", "{178C8F12-A2B0-44B0-8A6C-C24EF4862F31}"
EndProject
Project("{9A19103F-16F7-4668-BE54-9A1E7A4F7556}") = "Exercise", "SolidPrinciples\4- ISP\Exercise\Exercise.csproj", "{A680ED2E-3C8F-4169-8005-822E46506279}"
EndProject
Project("{9A19103F-16F7-4668-BE54-9A1E7A4F7556}") = "Exercise", "SolidPrinciples\5- DIP\Exercise\Exercise.csproj", "{97E87ADC-85EB-44AA-AEA2-6A87FE1E2F54}"
EndProject
Project("{FAE04EC0-301F-11D3-BF4B-00C04F79EFBC}") = "SchoolProject", "Homeworks\SchoolProject\SchoolProject.csproj", "{6F57CC7C-9BEE-4936-A97F-E977F2FE0529}"
EndProject
Global
	GlobalSection(SolutionConfigurationPlatforms) = preSolution
		Debug|Any CPU = Debug|Any CPU
		Release|Any CPU = Release|Any CPU
	EndGlobalSection
	GlobalSection(ProjectConfigurationPlatforms) = postSolution
		{EA711500-0FD8-4562-A53F-5E1C92FE4EC5}.Debug|Any CPU.ActiveCfg = Debug|Any CPU
		{EA711500-0FD8-4562-A53F-5E1C92FE4EC5}.Debug|Any CPU.Build.0 = Debug|Any CPU
		{EA711500-0FD8-4562-A53F-5E1C92FE4EC5}.Release|Any CPU.ActiveCfg = Release|Any CPU
		{EA711500-0FD8-4562-A53F-5E1C92FE4EC5}.Release|Any CPU.Build.0 = Release|Any CPU
		{824F3E73-1232-4FC1-A59D-9EFE140580D3}.Debug|Any CPU.ActiveCfg = Debug|Any CPU
		{824F3E73-1232-4FC1-A59D-9EFE140580D3}.Debug|Any CPU.Build.0 = Debug|Any CPU
		{824F3E73-1232-4FC1-A59D-9EFE140580D3}.Release|Any CPU.ActiveCfg = Release|Any CPU
		{824F3E73-1232-4FC1-A59D-9EFE140580D3}.Release|Any CPU.Build.0 = Release|Any CPU
		{E0C7DA97-B2AD-41C0-9F62-760FA58BBAEF}.Debug|Any CPU.ActiveCfg = Debug|Any CPU
		{E0C7DA97-B2AD-41C0-9F62-760FA58BBAEF}.Debug|Any CPU.Build.0 = Debug|Any CPU
		{E0C7DA97-B2AD-41C0-9F62-760FA58BBAEF}.Release|Any CPU.ActiveCfg = Release|Any CPU
		{E0C7DA97-B2AD-41C0-9F62-760FA58BBAEF}.Release|Any CPU.Build.0 = Release|Any CPU
		{DB39B505-DBC1-47FA-8448-F378D07A397F}.Debug|Any CPU.ActiveCfg = Debug|Any CPU
		{DB39B505-DBC1-47FA-8448-F378D07A397F}.Debug|Any CPU.Build.0 = Debug|Any CPU
		{DB39B505-DBC1-47FA-8448-F378D07A397F}.Release|Any CPU.ActiveCfg = Release|Any CPU
		{DB39B505-DBC1-47FA-8448-F378D07A397F}.Release|Any CPU.Build.0 = Release|Any CPU
		{19BF86D0-012B-487C-9066-C2E03F2A61E0}.Debug|Any CPU.ActiveCfg = Debug|Any CPU
		{19BF86D0-012B-487C-9066-C2E03F2A61E0}.Debug|Any CPU.Build.0 = Debug|Any CPU
		{19BF86D0-012B-487C-9066-C2E03F2A61E0}.Release|Any CPU.ActiveCfg = Release|Any CPU
		{19BF86D0-012B-487C-9066-C2E03F2A61E0}.Release|Any CPU.Build.0 = Release|Any CPU
		{913DFD61-0109-4CAC-B33F-4DE84811645B}.Debug|Any CPU.ActiveCfg = Debug|Any CPU
		{913DFD61-0109-4CAC-B33F-4DE84811645B}.Debug|Any CPU.Build.0 = Debug|Any CPU
		{913DFD61-0109-4CAC-B33F-4DE84811645B}.Release|Any CPU.ActiveCfg = Release|Any CPU
		{913DFD61-0109-4CAC-B33F-4DE84811645B}.Release|Any CPU.Build.0 = Release|Any CPU
		{11FAB825-0B8E-4FCF-82A8-619434C24E60}.Debug|Any CPU.ActiveCfg = Debug|Any CPU
		{11FAB825-0B8E-4FCF-82A8-619434C24E60}.Debug|Any CPU.Build.0 = Debug|Any CPU
		{11FAB825-0B8E-4FCF-82A8-619434C24E60}.Release|Any CPU.ActiveCfg = Release|Any CPU
		{11FAB825-0B8E-4FCF-82A8-619434C24E60}.Release|Any CPU.Build.0 = Release|Any CPU
		{A680ED2E-3C8F-4169-8005-822E46506279}.Debug|Any CPU.ActiveCfg = Debug|Any CPU
		{A680ED2E-3C8F-4169-8005-822E46506279}.Debug|Any CPU.Build.0 = Debug|Any CPU
		{A680ED2E-3C8F-4169-8005-822E46506279}.Release|Any CPU.ActiveCfg = Release|Any CPU
		{A680ED2E-3C8F-4169-8005-822E46506279}.Release|Any CPU.Build.0 = Release|Any CPU
		{97E87ADC-85EB-44AA-AEA2-6A87FE1E2F54}.Debug|Any CPU.ActiveCfg = Debug|Any CPU
		{97E87ADC-85EB-44AA-AEA2-6A87FE1E2F54}.Debug|Any CPU.Build.0 = Debug|Any CPU
		{97E87ADC-85EB-44AA-AEA2-6A87FE1E2F54}.Release|Any CPU.ActiveCfg = Release|Any CPU
		{97E87ADC-85EB-44AA-AEA2-6A87FE1E2F54}.Release|Any CPU.Build.0 = Release|Any CPU
		{6F57CC7C-9BEE-4936-A97F-E977F2FE0529}.Debug|Any CPU.ActiveCfg = Debug|Any CPU
		{6F57CC7C-9BEE-4936-A97F-E977F2FE0529}.Debug|Any CPU.Build.0 = Debug|Any CPU
		{6F57CC7C-9BEE-4936-A97F-E977F2FE0529}.Release|Any CPU.ActiveCfg = Release|Any CPU
		{6F57CC7C-9BEE-4936-A97F-E977F2FE0529}.Release|Any CPU.Build.0 = Release|Any CPU
	EndGlobalSection
	GlobalSection(SolutionProperties) = preSolution
		HideSolutionNode = FALSE
	EndGlobalSection
	GlobalSection(NestedProjects) = preSolution
		{571F246C-6477-4E75-95CF-A0E574D8B028} = {430217AE-A0FD-46AE-9DE7-3CF0E2905AB9}
		{ECC7D539-FAE8-41DC-9F98-9CD412722B63} = {430217AE-A0FD-46AE-9DE7-3CF0E2905AB9}
		{EA711500-0FD8-4562-A53F-5E1C92FE4EC5} = {571F246C-6477-4E75-95CF-A0E574D8B028}
		{824F3E73-1232-4FC1-A59D-9EFE140580D3} = {ECC7D539-FAE8-41DC-9F98-9CD412722B63}
		{E0C7DA97-B2AD-41C0-9F62-760FA58BBAEF} = {319B0A5D-4DED-4E1F-B6C6-2E6730AB82CA}
		{DB39B505-DBC1-47FA-8448-F378D07A397F} = {319B0A5D-4DED-4E1F-B6C6-2E6730AB82CA}
		{19BF86D0-012B-487C-9066-C2E03F2A61E0} = {319B0A5D-4DED-4E1F-B6C6-2E6730AB82CA}
		{913DFD61-0109-4CAC-B33F-4DE84811645B} = {319B0A5D-4DED-4E1F-B6C6-2E6730AB82CA}
		{4B1413B2-2040-4435-AA11-ADD786DA6237} = {430217AE-A0FD-46AE-9DE7-3CF0E2905AB9}
		{11FAB825-0B8E-4FCF-82A8-619434C24E60} = {4B1413B2-2040-4435-AA11-ADD786DA6237}
		{A7A361BE-D634-4B64-8927-4A16A10A2DEA} = {430217AE-A0FD-46AE-9DE7-3CF0E2905AB9}
		{178C8F12-A2B0-44B0-8A6C-C24EF4862F31} = {430217AE-A0FD-46AE-9DE7-3CF0E2905AB9}
		{A680ED2E-3C8F-4169-8005-822E46506279} = {A7A361BE-D634-4B64-8927-4A16A10A2DEA}
		{97E87ADC-85EB-44AA-AEA2-6A87FE1E2F54} = {178C8F12-A2B0-44B0-8A6C-C24EF4862F31}
		{6F57CC7C-9BEE-4936-A97F-E977F2FE0529} = {319B0A5D-4DED-4E1F-B6C6-2E6730AB82CA}
	EndGlobalSection
	GlobalSection(ExtensibilityGlobals) = postSolution
		SolutionGuid = {2036F327-EF42-4106-897A-B200A6760762}
	EndGlobalSection
EndGlobal
